# This file was autogenerated by Stack.
# You should not edit this file by hand.
# For more information, please see the documentation at:
#   https://docs.haskellstack.org/en/stable/lock_files

packages:
- completed:
    hackage: acid-state-0.16.0@sha256:a5640fd8d99bdb5f152476a2ae56cc8eb81864b280c8ec7d1387e81296ed844d,6190
    pantry-tree:
      size: 13678
      sha256: c6e4b7f00d2a500e6286beafe3a2da7ba898a9ea31f5744df57cdce8a8f5890f
  original:
    hackage: acid-state-0.16.0@sha256:a5640fd8d99bdb5f152476a2ae56cc8eb81864b280c8ec7d1387e81296ed844d,6190
snapshots:
- completed:
    size: 491389
    url: https://raw.githubusercontent.com/commercialhaskell/stackage-snapshots/master/lts/15/7.yaml
    sha256: 92ab6303fe20ec928461c82ce0980b4d17c06f4e66205a2967e476474f686c17
  original: lts-15.7
